
Microsoft Visual Studio Solution File, Format Version 12.00
# Visual Studio Version 16
VisualStudioVersion = 16.0.30804.86
MinimumVisualStudioVersion = 10.0.40219.1
Project("{9A19103F-16F7-4668-BE54-9A1E7A4F7556}") = "ShellRun", "ShellRun.csproj", "{C131D868-DB27-419D-884F-E18D00A2D2E5}"
EndProject
Global
	GlobalSection(SolutionConfigurationPlatforms) = preSolution
		Debug|Any CPU = Debug|Any CPU
		Release|Any CPU = Release|Any CPU
	EndGlobalSection
	GlobalSection(ProjectConfigurationPlatforms) = postSolution
		{C131D868-DB27-419D-884F-E18D00A2D2E5}.Debug|Any CPU.ActiveCfg = Debug|Any CPU
		{C131D868-DB27-419D-884F-E18D00A2D2E5}.Debug|Any CPU.Build.0 = Debug|Any CPU
		{C131D868-DB27-419D-884F-E18D00A2D2E5}.Release|Any CPU.ActiveCfg = Release|Any CPU
		{C131D868-DB27-419D-884F-E18D00A2D2E5}.Release|Any CPU.Build.0 = Release|Any CPU
	EndGlobalSection
	GlobalSection(SolutionProperties) = preSolution
		HideSolutionNode = FALSE
	EndGlobalSection
	GlobalSection(ExtensibilityGlobals) = postSolution
		SolutionGuid = {25CF0933-A2F1-48E5-BA91-F0A3F40432C8}
	EndGlobalSection
EndGlobal
